// !$*UTF8*$!
{
	archiveVersion = 1;
	classes = {
	};
	objectVersion = 56;
	objects = {

/* Begin PBXBuildFile section */
		EDB0691528F6E5A100F585ED /* AwardsCollectionAppApp.swift in Sources */ = {isa = PBXBuildFile; fileRef = EDB0691428F6E5A100F585ED /* AwardsCollectionAppApp.swift */; };
		EDB0691928F6E5A200F585ED /* Assets.xcassets in Resources */ = {isa = PBXBuildFile; fileRef = EDB0691828F6E5A200F585ED /* Assets.xcassets */; };
		EDB0691C28F6E5A200F585ED /* Preview Assets.xcassets in Resources */ = {isa = PBXBuildFile; fileRef = EDB0691B28F6E5A200F585ED /* Preview Assets.xcassets */; };
		EDB0692328F6EED600F585ED /* MainView.swift in Sources */ = {isa = PBXBuildFile; fileRef = EDB0692228F6EED600F585ED /* MainView.swift */; };
		EDB0692528F6EF1100F585ED /* CartRacingView.swift in Sources */ = {isa = PBXBuildFile; fileRef = EDB0692428F6EF1100F585ED /* CartRacingView.swift */; };
		EDB0692728F6EF2200F585ED /* AwardsView.swift in Sources */ = {isa = PBXBuildFile; fileRef = EDB0692628F6EF2200F585ED /* AwardsView.swift */; };
		EDB0692928F6EF3400F585ED /* GradientRectangles.swift in Sources */ = {isa = PBXBuildFile; fileRef = EDB0692828F6EF3400F585ED /* GradientRectangles.swift */; };
		EDB0692B28F6F57700F585ED /* StarterView.swift in Sources */ = {isa = PBXBuildFile; fileRef = EDB0692A28F6F57700F585ED /* StarterView.swift */; };
		EDB0692D28F6F59000F585ED /* PathView.swift in Sources */ = {isa = PBXBuildFile; fileRef = EDB0692C28F6F59000F585ED /* PathView.swift */; };
		EDB0692F28F7113C00F585ED /* CurvesView.swift in Sources */ = {isa = PBXBuildFile; fileRef = EDB0692E28F7113C00F585ED /* CurvesView.swift */; };
		EDC79F8728FBEA40005E0009 /* EyeView.swift in Sources */ = {isa = PBXBuildFile; fileRef = EDC79F8628FBEA40005E0009 /* EyeView.swift */; };
/* End PBXBuildFile section */

/* Begin PBXFileReference section */
		EDB0691128F6E5A100F585ED /* AwardsCollectionApp.app */ = {isa = PBXFileReference; explicitFileType = wrapper.application; includeInIndex = 0; path = AwardsCollectionApp.app; sourceTree = BUILT_PRODUCTS_DIR; };
		EDB0691428F6E5A100F585ED /* AwardsCollectionAppApp.swift */ = {isa = PBXFileReference; lastKnownFileType = sourcecode.swift; path = AwardsCollectionAppApp.swift; sourceTree = "<group>"; };
		EDB0691828F6E5A200F585ED /* Assets.xcassets */ = {isa = PBXFileReference; lastKnownFileType = folder.assetcatalog; path = Assets.xcassets; sourceTree = "<group>"; };
		EDB0691B28F6E5A200F585ED /* Preview Assets.xcassets */ = {isa = PBXFileReference; lastKnownFileType = folder.assetcatalog; path = "Preview Assets.xcassets"; sourceTree = "<group>"; };
		EDB0692228F6EED600F585ED /* MainView.swift */ = {isa = PBXFileReference; lastKnownFileType = sourcecode.swift; path = MainView.swift; sourceTree = "<group>"; };
		EDB0692428F6EF1100F585ED /* CartRacingView.swift */ = {isa = PBXFileReference; lastKnownFileType = sourcecode.swift; path = CartRacingView.swift; sourceTree = "<group>"; };
		EDB0692628F6EF2200F585ED /* AwardsView.swift */ = {isa = PBXFileReference; lastKnownFileType = sourcecode.swift; path = AwardsView.swift; sourceTree = "<group>"; };
		EDB0692828F6EF3400F585ED /* GradientRectangles.swift */ = {isa = PBXFileReference; lastKnownFileType = sourcecode.swift; path = GradientRectangles.swift; sourceTree = "<group>"; };
		EDB0692A28F6F57700F585ED /* StarterView.swift */ = {isa = PBXFileReference; lastKnownFileType = sourcecode.swift; path = StarterView.swift; sourceTree = "<group>"; };
		EDB0692C28F6F59000F585ED /* PathView.swift */ = {isa = PBXFileReference; lastKnownFileType = sourcecode.swift; path = PathView.swift; sourceTree = "<group>"; };
		EDB0692E28F7113C00F585ED /* CurvesView.swift */ = {isa = PBXFileReference; lastKnownFileType = sourcecode.swift; path = CurvesView.swift; sourceTree = "<group>"; };
		EDC79F8628FBEA40005E0009 /* EyeView.swift */ = {isa = PBXFileReference; lastKnownFileType = sourcecode.swift; path = EyeView.swift; sourceTree = "<group>"; };
/* End PBXFileReference section */

/* Begin PBXFrameworksBuildPhase section */
		EDB0690E28F6E5A100F585ED /* Frameworks */ = {
			isa = PBXFrameworksBuildPhase;
			buildActionMask = 2147483647;
			files = (
			);
			runOnlyForDeploymentPostprocessing = 0;
		};
/* End PBXFrameworksBuildPhase section */

/* Begin PBXGroup section */
		EDB0690828F6E5A100F585ED = {
			isa = PBXGroup;
			children = (
				EDB0691328F6E5A100F585ED /* AwardsCollectionApp */,
				EDB0691228F6E5A100F585ED /* Products */,
			);
			sourceTree = "<group>";
		};
		EDB0691228F6E5A100F585ED /* Products */ = {
			isa = PBXGroup;
			children = (
				EDB0691128F6E5A100F585ED /* AwardsCollectionApp.app */,
			);
			name = Products;
			sourceTree = "<group>";
		};
		EDB0691328F6E5A100F585ED /* AwardsCollectionApp */ = {
			isa = PBXGroup;
			children = (
				EDB0691428F6E5A100F585ED /* AwardsCollectionAppApp.swift */,
				EDB0692C28F6F59000F585ED /* PathView.swift */,
				EDB0692A28F6F57700F585ED /* StarterView.swift */,
				EDB0692228F6EED600F585ED /* MainView.swift */,
				EDB0692428F6EF1100F585ED /* CartRacingView.swift */,
				EDB0692628F6EF2200F585ED /* AwardsView.swift */,
				EDB0692E28F7113C00F585ED /* CurvesView.swift */,
				EDB0692828F6EF3400F585ED /* GradientRectangles.swift */,
				EDC79F8628FBEA40005E0009 /* EyeView.swift */,
				EDB0691828F6E5A200F585ED /* Assets.xcassets */,
				EDB0691A28F6E5A200F585ED /* Preview Content */,
			);
			path = AwardsCollectionApp;
			sourceTree = "<group>";
		};
		EDB0691A28F6E5A200F585ED /* Preview Content */ = {
			isa = PBXGroup;
			children = (
				EDB0691B28F6E5A200F585ED /* Preview Assets.xcassets */,
			);
			path = "Preview Content";
			sourceTree = "<group>";
		};
/* End PBXGroup section */

/* Begin PBXNativeTarget section */
		EDB0691028F6E5A100F585ED /* AwardsCollectionApp */ = {
			isa = PBXNativeTarget;
			buildConfigurationList = EDB0691F28F6E5A200F585ED /* Build configuration list for PBXNativeTarget "AwardsCollectionApp" */;
			buildPhases = (
				EDB0690D28F6E5A100F585ED /* Sources */,
				EDB0690E28F6E5A100F585ED /* Frameworks */,
				EDB0690F28F6E5A100F585ED /* Resources */,
			);
			buildRules = (
			);
			dependencies = (
			);
			name = AwardsCollectionApp;
			productName = AwardsCollectionApp;
			productReference = EDB0691128F6E5A100F585ED /* AwardsCollectionApp.app */;
			productType = "com.apple.product-type.application";
		};
/* End PBXNativeTarget section */

/* Begin PBXProject section */
		EDB0690928F6E5A100F585ED /* Project object */ = {
			isa = PBXProject;
			attributes = {
				BuildIndependentTargetsInParallel = 1;
				LastSwiftUpdateCheck = 1410;
				LastUpgradeCheck = 1410;
				TargetAttributes = {
					EDB0691028F6E5A100F585ED = {
						CreatedOnToolsVersion = 14.1;
					};
				};
			};
			buildConfigurationList = EDB0690C28F6E5A100F585ED /* Build configuration list for PBXProject "AwardsCollectionApp" */;
			compatibilityVersion = "Xcode 14.0";
			developmentRegion = en;
			hasScannedForEncodings = 0;
			knownRegions = (
				en,
				Base,
			);
			mainGroup = EDB0690828F6E5A100F585ED;
			productRefGroup = EDB0691228F6E5A100F585ED /* Products */;
			projectDirPath = "";
			projectRoot = "";
			targets = (
				EDB0691028F6E5A100F585ED /* AwardsCollectionApp */,
			);
		};
/* End PBXProject section */

/* Begin PBXResourcesBuildPhase section */
		EDB0690F28F6E5A100F585ED /* Resources */ = {
			isa = PBXResourcesBuildPhase;
			buildActionMask = 2147483647;
			files = (
				EDB0691C28F6E5A200F585ED /* Preview Assets.xcassets in Resources */,
				EDB0691928F6E5A200F585ED /* Assets.xcassets in Resources */,
			);
			runOnlyForDeploymentPostprocessing = 0;
		};
/* End PBXResourcesBuildPhase section */

/* Begin PBXSourcesBuildPhase section */
		EDB0690D28F6E5A100F585ED /* Sources */ = {
			isa = PBXSourcesBuildPhase;
			buildActionMask = 2147483647;
			files = (
				EDB0692528F6EF1100F585ED /* CartRacingView.swift in Sources */,
				EDB0692728F6EF2200F585ED /* AwardsView.swift in Sources */,
				EDB0692B28F6F57700F585ED /* StarterView.swift in Sources */,
				EDB0692D28F6F59000F585ED /* PathView.swift in Sources */,
				EDB0692328F6EED600F585ED /* MainView.swift in Sources */,
				EDB0691528F6E5A100F585ED /* AwardsCollectionAppApp.swift in Sources */,
				EDB0692F28F7113C00F585ED /* CurvesView.swift in Sources */,
				EDC79F8728FBEA40005E0009 /* EyeView.swift in Sources */,
				EDB0692928F6EF3400F585ED /* GradientRectangles.swift in Sources */,
			);
			runOnlyForDeploymentPostprocessing = 0;
		};
/* End PBXSourcesBuildPhase section */

/* Begin XCBuildConfiguration section */
		EDB0691D28F6E5A200F585ED /* Debug */ = {
			isa = XCBuildConfiguration;
			buildSettings = {
				ALWAYS_SEARCH_USER_PATHS = NO;
				CLANG_ANALYZER_NONNULL = YES;
				CLANG_ANALYZER_NUMBER_OBJECT_CONVERSION = YES_AGGRESSIVE;
				CLANG_CXX_LANGUAGE_STANDARD = "gnu++20";
				CLANG_ENABLE_MODULES = YES;
				CLANG_ENABLE_OBJC_ARC = YES;
				CLANG_ENABLE_OBJC_WEAK = YES;
				CLANG_WARN_BLOCK_CAPTURE_AUTORELEASING = YES;
				CLANG_WARN_BOOL_CONVERSION = YES;
				CLANG_WARN_COMMA = YES;
				CLANG_WARN_CONSTANT_CONVERSION = YES;
				CLANG_WARN_DEPRECATED_OBJC_IMPLEMENTATIONS = YES;
				CLANG_WARN_DIRECT_OBJC_ISA_USAGE = YES_ERROR;
				CLANG_WARN_DOCUMENTATION_COMMENTS = YES;
				CLANG_WARN_EMPTY_BODY = YES;
				CLANG_WARN_ENUM_CONVERSION = YES;
				CLANG_WARN_INFINITE_RECURSION = YES;
				CLANG_WARN_INT_CONVERSION = YES;
				CLANG_WARN_NON_LITERAL_NULL_CONVERSION = YES;
				CLANG_WARN_OBJC_IMPLICIT_RETAIN_SELF = YES;
				CLANG_WARN_OBJC_LITERAL_CONVERSION = YES;
				CLANG_WARN_OBJC_ROOT_CLASS = YES_ERROR;
				CLANG_WARN_QUOTED_INCLUDE_IN_FRAMEWORK_HEADER = YES;
				CLANG_WARN_RANGE_LOOP_ANALYSIS = YES;
				CLANG_WARN_STRICT_PROTOTYPES = YES;
				CLANG_WARN_SUSPICIOUS_MOVE = YES;
				CLANG_WARN_UNGUARDED_AVAILABILITY = YES_AGGRESSIVE;
				CLANG_WARN_UNREACHABLE_CODE = YES;
				CLANG_WARN__DUPLICATE_METHOD_MATCH = YES;
				COPY_PHASE_STRIP = NO;
				DEBUG_INFORMATION_FORMAT = dwarf;
				ENABLE_STRICT_OBJC_MSGSEND = YES;
				ENABLE_TESTABILITY = YES;
				GCC_C_LANGUAGE_STANDARD = gnu11;
				GCC_DYNAMIC_NO_PIC = NO;
				GCC_NO_COMMON_BLOCKS = YES;
				GCC_OPTIMIZATION_LEVEL = 0;
				GCC_PREPROCESSOR_DEFINITIONS = (
					"DEBUG=1",
					"$(inherited)",
				);
				GCC_WARN_64_TO_32_BIT_CONVERSION = YES;
				GCC_WARN_ABOUT_RETURN_TYPE = YES_ERROR;
				GCC_WARN_UNDECLARED_SELECTOR = YES;
				GCC_WARN_UNINITIALIZED_AUTOS = YES_AGGRESSIVE;
				GCC_WARN_UNUSED_FUNCTION = YES;
				GCC_WARN_UNUSED_VARIABLE = YES;
				IPHONEOS_DEPLOYMENT_TARGET = 16.1;
				MTL_ENABLE_DEBUG_INFO = INCLUDE_SOURCE;
				MTL_FAST_MATH = YES;
				ONLY_ACTIVE_ARCH = YES;
				SDKROOT = iphoneos;
				SWIFT_ACTIVE_COMPILATION_CONDITIONS = DEBUG;
				SWIFT_OPTIMIZATION_LEVEL = "-Onone";
			};
			name = Debug;
		};
		EDB0691E28F6E5A200F585ED /* Release */ = {
			isa = XCBuildConfiguration;
			buildSettings = {
				ALWAYS_SEARCH_USER_PATHS = NO;
				CLANG_ANALYZER_NONNULL = YES;
				CLANG_ANALYZER_NUMBER_OBJECT_CONVERSION = YES_AGGRESSIVE;
				CLANG_CXX_LANGUAGE_STANDARD = "gnu++20";
				CLANG_ENABLE_MODULES = YES;
				CLANG_ENABLE_OBJC_ARC = YES;
				CLANG_ENABLE_OBJC_WEAK = YES;
				CLANG_WARN_BLOCK_CAPTURE_AUTORELEASING = YES;
				CLANG_WARN_BOOL_CONVERSION = YES;
				CLANG_WARN_COMMA = YES;
				CLANG_WARN_CONSTANT_CONVERSION = YES;
				CLANG_WARN_DEPRECATED_OBJC_IMPLEMENTATIONS = YES;
				CLANG_WARN_DIRECT_OBJC_ISA_USAGE = YES_ERROR;
				CLANG_WARN_DOCUMENTATION_COMMENTS = YES;
				CLANG_WARN_EMPTY_BODY = YES;
				CLANG_WARN_ENUM_CONVERSION = YES;
				CLANG_WARN_INFINITE_RECURSION = YES;
				CLANG_WARN_INT_CONVERSION = YES;
				CLANG_WARN_NON_LITERAL_NULL_CONVERSION = YES;
				CLANG_WARN_OBJC_IMPLICIT_RETAIN_SELF = YES;
				CLANG_WARN_OBJC_LITERAL_CONVERSION = YES;
				CLANG_WARN_OBJC_ROOT_CLASS = YES_ERROR;
				CLANG_WARN_QUOTED_INCLUDE_IN_FRAMEWORK_HEADER = YES;
				CLANG_WARN_RANGE_LOOP_ANALYSIS = YES;
				CLANG_WARN_STRICT_PROTOTYPES = YES;
				CLANG_WARN_SUSPICIOUS_MOVE = YES;
				CLANG_WARN_UNGUARDED_AVAILABILITY = YES_AGGRESSIVE;
				CLANG_WARN_UNREACHABLE_CODE = YES;
				CLANG_WARN__DUPLICATE_METHOD_MATCH = YES;
				COPY_PHASE_STRIP = NO;
				DEBUG_INFORMATION_FORMAT = "dwarf-with-dsym";
				ENABLE_NS_ASSERTIONS = NO;
				ENABLE_STRICT_OBJC_MSGSEND = YES;
				GCC_C_LANGUAGE_STANDARD = gnu11;
				GCC_NO_COMMON_BLOCKS = YES;
				GCC_WARN_64_TO_32_BIT_CONVERSION = YES;
				GCC_WARN_ABOUT_RETURN_TYPE = YES_ERROR;
				GCC_WARN_UNDECLARED_SELECTOR = YES;
				GCC_WARN_UNINITIALIZED_AUTOS = YES_AGGRESSIVE;
				GCC_WARN_UNUSED_FUNCTION = YES;
				GCC_WARN_UNUSED_VARIABLE = YES;
				IPHONEOS_DEPLOYMENT_TARGET = 16.1;
				MTL_ENABLE_DEBUG_INFO = NO;
				MTL_FAST_MATH = YES;
				SDKROOT = iphoneos;
				SWIFT_COMPILATION_MODE = wholemodule;
				SWIFT_OPTIMIZATION_LEVEL = "-O";
				VALIDATE_PRODUCT = YES;
			};
			name = Release;
		};
		EDB0692028F6E5A200F585ED /* Debug */ = {
			isa = XCBuildConfiguration;
			buildSettings = {
				ASSETCATALOG_COMPILER_APPICON_NAME = AppIcon;
				ASSETCATALOG_COMPILER_GLOBAL_ACCENT_COLOR_NAME = AccentColor;
				CODE_SIGN_STYLE = Automatic;
				CURRENT_PROJECT_VERSION = 1;
				DEVELOPMENT_ASSET_PATHS = "\"AwardsCollectionApp/Preview Content\"";
				DEVELOPMENT_TEAM = N3Y2L7NT9R;
				ENABLE_PREVIEWS = YES;
				GENERATE_INFOPLIST_FILE = YES;
				INFOPLIST_KEY_UIApplicationSceneManifest_Generation = YES;
				INFOPLIST_KEY_UIApplicationSupportsIndirectInputEvents = YES;
				INFOPLIST_KEY_UILaunchScreen_Generation = YES;
				INFOPLIST_KEY_UISupportedInterfaceOrientations_iPad = "UIInterfaceOrientationPortrait UIInterfaceOrientationPortraitUpsideDown UIInterfaceOrientationLandscapeLeft UIInterfaceOrientationLandscapeRight";
				INFOPLIST_KEY_UISupportedInterfaceOrientations_iPhone = "UIInterfaceOrientationPortrait UIInterfaceOrientationLandscapeLeft UIInterfaceOrientationLandscapeRight";
				LD_RUNPATH_SEARCH_PATHS = (
					"$(inherited)",
					"@executable_path/Frameworks",
				);
				MARKETING_VERSION = 1.0;
				PRODUCT_BUNDLE_IDENTIFIER = "Lera-Savchenko.AwardsCollectionApp";
				PRODUCT_NAME = "$(TARGET_NAME)";
				SWIFT_EMIT_LOC_STRINGS = YES;
				SWIFT_VERSION = 5.0;
				TARGETED_DEVICE_FAMILY = "1,2";
			};
			name = Debug;
		};
		EDB0692128F6E5A200F585ED /* Release */ = {
			isa = XCBuildConfiguration;
			buildSettings = {
				ASSETCATALOG_COMPILER_APPICON_NAME = AppIcon;
				ASSETCATALOG_COMPILER_GLOBAL_ACCENT_COLOR_NAME = AccentColor;
				CODE_SIGN_STYLE = Automatic;
				CURRENT_PROJECT_VERSION = 1;
				DEVELOPMENT_ASSET_PATHS = "\"AwardsCollectionApp/Preview Content\"";
				DEVELOPMENT_TEAM = N3Y2L7NT9R;
				ENABLE_PREVIEWS = YES;
				GENERATE_INFOPLIST_FILE = YES;
				INFOPLIST_KEY_UIApplicationSceneManifest_Generation = YES;
				INFOPLIST_KEY_UIApplicationSupportsIndirectInputEvents = YES;
				INFOPLIST_KEY_UILaunchScreen_Generation = YES;
				INFOPLIST_KEY_UISupportedInterfaceOrientations_iPad = "UIInterfaceOrientationPortrait UIInterfaceOrientationPortraitUpsideDown UIInterfaceOrientationLandscapeLeft UIInterfaceOrientationLandscapeRight";
				INFOPLIST_KEY_UISupportedInterfaceOrientations_iPhone = "UIInterfaceOrientationPortrait UIInterfaceOrientationLandscapeLeft UIInterfaceOrientationLandscapeRight";
				LD_RUNPATH_SEARCH_PATHS = (
					"$(inherited)",
					"@executable_path/Frameworks",
				);
				MARKETING_VERSION = 1.0;
				PRODUCT_BUNDLE_IDENTIFIER = "Lera-Savchenko.AwardsCollectionApp";
				PRODUCT_NAME = "$(TARGET_NAME)";
				SWIFT_EMIT_LOC_STRINGS = YES;
				SWIFT_VERSION = 5.0;
				TARGETED_DEVICE_FAMILY = "1,2";
			};
			name = Release;
		};
/* End XCBuildConfiguration section */

/* Begin XCConfigurationList section */
		EDB0690C28F6E5A100F585ED /* Build configuration list for PBXProject "AwardsCollectionApp" */ = {
			isa = XCConfigurationList;
			buildConfigurations = (
				EDB0691D28F6E5A200F585ED /* Debug */,
				EDB0691E28F6E5A200F585ED /* Release */,
			);
			defaultConfigurationIsVisible = 0;
			defaultConfigurationName = Release;
		};
		EDB0691F28F6E5A200F585ED /* Build configuration list for PBXNativeTarget "AwardsCollectionApp" */ = {
			isa = XCConfigurationList;
			buildConfigurations = (
				EDB0692028F6E5A200F585ED /* Debug */,
				EDB0692128F6E5A200F585ED /* Release */,
			);
			defaultConfigurationIsVisible = 0;
			defaultConfigurationName = Release;
		};
/* End XCConfigurationList section */
	};
	rootObject = EDB0690928F6E5A100F585ED /* Project object */;
}
